
Microsoft Visual Studio Solution File, Format Version 12.00
# Visual Studio Version 17
VisualStudioVersion = 17.14.36119.2
MinimumVisualStudioVersion = 10.0.40219.1
Project("{FAE04EC0-301F-11D3-BF4B-00C04F79EFBC}") = "Api", "Api\Api.csproj", "{11E21D93-80FD-4BA1-9EF7-B79A1C627AFB}"
EndProject
Project("{FAE04EC0-301F-11D3-BF4B-00C04F79EFBC}") = "Database", "Database\Database.csproj", "{BE4AC5CC-74FA-49B8-9C47-B93C13C3342A}"
EndProject
Project("{FAE04EC0-301F-11D3-BF4B-00C04F79EFBC}") = "Shared", "Shared\Shared.csproj", "{65F255E0-7D90-41A2-A1B3-5B3C29DC1AE4}"
EndProject
Project("{FAE04EC0-301F-11D3-BF4B-00C04F79EFBC}") = "Contract", "Contract\Contract.csproj", "{1F2624C4-271D-4239-A01C-68D0C03DF530}"
EndProject
Project("{2150E333-8FDC-42A3-9474-1A3956D46DE8}") = "Solution Items", "Solution Items", "{8EC462FD-D22E-90A8-E5CE-7E832BA40C5D}"
	ProjectSection(SolutionItems) = preProject
		docker-compose.yml = docker-compose.yml
		.github\workflows\docker-image.yml = .github\workflows\docker-image.yml
		example.env = example.env
		readme.md = readme.md
	EndProjectSection
EndProject
Project("{2150E333-8FDC-42A3-9474-1A3956D46DE8}") = "Tests", "Tests", "{02EA681E-C7D8-13C7-8484-4AC65E1B71E8}"
EndProject
Project("{FAE04EC0-301F-11D3-BF4B-00C04F79EFBC}") = "Shared", "Test\Shared.Test\Shared.csproj", "{BA8DB759-F2E0-4F46-823F-D0B7656BCB97}"
EndProject
Global
	GlobalSection(SolutionConfigurationPlatforms) = preSolution
		Debug|Any CPU = Debug|Any CPU
		Release|Any CPU = Release|Any CPU
	EndGlobalSection
	GlobalSection(ProjectConfigurationPlatforms) = postSolution
		{11E21D93-80FD-4BA1-9EF7-B79A1C627AFB}.Debug|Any CPU.ActiveCfg = Debug|Any CPU
		{11E21D93-80FD-4BA1-9EF7-B79A1C627AFB}.Debug|Any CPU.Build.0 = Debug|Any CPU
		{11E21D93-80FD-4BA1-9EF7-B79A1C627AFB}.Release|Any CPU.ActiveCfg = Release|Any CPU
		{11E21D93-80FD-4BA1-9EF7-B79A1C627AFB}.Release|Any CPU.Build.0 = Release|Any CPU
		{BE4AC5CC-74FA-49B8-9C47-B93C13C3342A}.Debug|Any CPU.ActiveCfg = Debug|Any CPU
		{BE4AC5CC-74FA-49B8-9C47-B93C13C3342A}.Debug|Any CPU.Build.0 = Debug|Any CPU
		{BE4AC5CC-74FA-49B8-9C47-B93C13C3342A}.Release|Any CPU.ActiveCfg = Release|Any CPU
		{BE4AC5CC-74FA-49B8-9C47-B93C13C3342A}.Release|Any CPU.Build.0 = Release|Any CPU
		{65F255E0-7D90-41A2-A1B3-5B3C29DC1AE4}.Debug|Any CPU.ActiveCfg = Debug|Any CPU
		{65F255E0-7D90-41A2-A1B3-5B3C29DC1AE4}.Debug|Any CPU.Build.0 = Debug|Any CPU
		{65F255E0-7D90-41A2-A1B3-5B3C29DC1AE4}.Release|Any CPU.ActiveCfg = Release|Any CPU
		{65F255E0-7D90-41A2-A1B3-5B3C29DC1AE4}.Release|Any CPU.Build.0 = Release|Any CPU
		{1F2624C4-271D-4239-A01C-68D0C03DF530}.Debug|Any CPU.ActiveCfg = Debug|Any CPU
		{1F2624C4-271D-4239-A01C-68D0C03DF530}.Debug|Any CPU.Build.0 = Debug|Any CPU
		{1F2624C4-271D-4239-A01C-68D0C03DF530}.Release|Any CPU.ActiveCfg = Release|Any CPU
		{1F2624C4-271D-4239-A01C-68D0C03DF530}.Release|Any CPU.Build.0 = Release|Any CPU
		{BA8DB759-F2E0-4F46-823F-D0B7656BCB97}.Debug|Any CPU.ActiveCfg = Debug|Any CPU
		{BA8DB759-F2E0-4F46-823F-D0B7656BCB97}.Debug|Any CPU.Build.0 = Debug|Any CPU
		{BA8DB759-F2E0-4F46-823F-D0B7656BCB97}.Release|Any CPU.ActiveCfg = Release|Any CPU
		{BA8DB759-F2E0-4F46-823F-D0B7656BCB97}.Release|Any CPU.Build.0 = Release|Any CPU
	EndGlobalSection
	GlobalSection(SolutionProperties) = preSolution
		HideSolutionNode = FALSE
	EndGlobalSection
	GlobalSection(NestedProjects) = preSolution
		{BA8DB759-F2E0-4F46-823F-D0B7656BCB97} = {02EA681E-C7D8-13C7-8484-4AC65E1B71E8}
	EndGlobalSection
	GlobalSection(ExtensibilityGlobals) = postSolution
		SolutionGuid = {E7D7A88D-514B-4E42-937C-107E0FDA37F7}
	EndGlobalSection
EndGlobal
